
Microsoft Visual Studio Solution File, Format Version 12.00
# Visual Studio Version 17
VisualStudioVersion = 17.14.37216.2 d17.14
MinimumVisualStudioVersion = 10.0.40219.1
Project("{FAE04EC0-301F-11D3-BF4B-00C04F79EFBC}") = "Revora.API", "Revora\Revora.API.csproj", "{3DC29962-94B7-4367-B312-3B0D32DFC2FF}"
EndProject
Project("{FAE04EC0-301F-11D3-BF4B-00C04F79EFBC}") = "Revora.Domain", "Revora.Domain\Revora.Domain.csproj", "{9DDD1C97-D38F-4838-B342-BD8B0E679B10}"
EndProject
Project("{FAE04EC0-301F-11D3-BF4B-00C04F79EFBC}") = "Revora.Application", "Revora.Application\Revora.Application.csproj", "{F54DAC8A-8EFA-4E98-951E-99733360FFB9}"
EndProject
Project("{FAE04EC0-301F-11D3-BF4B-00C04F79EFBC}") = "Revora.Infrastructure", "Revora.Infrastructure\Revora.Infrastructure.csproj", "{6ABD3CE8-E966-4CC5-8F1B-135269AE7477}"
EndProject
Global
	GlobalSection(SolutionConfigurationPlatforms) = preSolution
		Debug|Any CPU = Debug|Any CPU
		Release|Any CPU = Release|Any CPU
	EndGlobalSection
	GlobalSection(ProjectConfigurationPlatforms) = postSolution
		{3DC29962-94B7-4367-B312-3B0D32DFC2FF}.Debug|Any CPU.ActiveCfg = Debug|Any CPU
		{3DC29962-94B7-4367-B312-3B0D32DFC2FF}.Debug|Any CPU.Build.0 = Debug|Any CPU
		{3DC29962-94B7-4367-B312-3B0D32DFC2FF}.Release|Any CPU.ActiveCfg = Release|Any CPU
		{3DC29962-94B7-4367-B312-3B0D32DFC2FF}.Release|Any CPU.Build.0 = Release|Any CPU
		{9DDD1C97-D38F-4838-B342-BD8B0E679B10}.Debug|Any CPU.ActiveCfg = Debug|Any CPU
		{9DDD1C97-D38F-4838-B342-BD8B0E679B10}.Debug|Any CPU.Build.0 = Debug|Any CPU
		{9DDD1C97-D38F-4838-B342-BD8B0E679B10}.Release|Any CPU.ActiveCfg = Release|Any CPU
		{9DDD1C97-D38F-4838-B342-BD8B0E679B10}.Release|Any CPU.Build.0 = Release|Any CPU
		{F54DAC8A-8EFA-4E98-951E-99733360FFB9}.Debug|Any CPU.ActiveCfg = Debug|Any CPU
		{F54DAC8A-8EFA-4E98-951E-99733360FFB9}.Debug|Any CPU.Build.0 = Debug|Any CPU
		{F54DAC8A-8EFA-4E98-951E-99733360FFB9}.Release|Any CPU.ActiveCfg = Release|Any CPU
		{F54DAC8A-8EFA-4E98-951E-99733360FFB9}.Release|Any CPU.Build.0 = Release|Any CPU
		{6ABD3CE8-E966-4CC5-8F1B-135269AE7477}.Debug|Any CPU.ActiveCfg = Debug|Any CPU
		{6ABD3CE8-E966-4CC5-8F1B-135269AE7477}.Debug|Any CPU.Build.0 = Debug|Any CPU
		{6ABD3CE8-E966-4CC5-8F1B-135269AE7477}.Release|Any CPU.ActiveCfg = Release|Any CPU
		{6ABD3CE8-E966-4CC5-8F1B-135269AE7477}.Release|Any CPU.Build.0 = Release|Any CPU
	EndGlobalSection
	GlobalSection(SolutionProperties) = preSolution
		HideSolutionNode = FALSE
	EndGlobalSection
	GlobalSection(ExtensibilityGlobals) = postSolution
		SolutionGuid = {AC587ABF-F89D-4CEB-820B-21F8C4812FBA}
	EndGlobalSection
EndGlobal
